
Microsoft Visual Studio Solution File, Format Version 12.00
# Visual Studio 15
VisualStudioVersion = 15.0.28307.329
MinimumVisualStudioVersion = 10.0.40219.1
Project("{FAE04EC0-301F-11D3-BF4B-00C04F79EFBC}") = "Test", "Test\Test.csproj", "{7863F874-738F-481A-A444-D37B0EA1DC0B}"
EndProject
Global
	GlobalSection(SolutionConfigurationPlatforms) = preSolution
		Debug|Any CPU = Debug|Any CPU
		Release|Any CPU = Release|Any CPU
	EndGlobalSection
	GlobalSection(ProjectConfigurationPlatforms) = postSolution
		{7863F874-738F-481A-A444-D37B0EA1DC0B}.Debug|Any CPU.ActiveCfg = Debug|Any CPU
		{7863F874-738F-481A-A444-D37B0EA1DC0B}.Debug|Any CPU.Build.0 = Debug|Any CPU
		{7863F874-738F-481A-A444-D37B0EA1DC0B}.Release|Any CPU.ActiveCfg = Release|Any CPU
		{7863F874-738F-481A-A444-D37B0EA1DC0B}.Release|Any CPU.Build.0 = Release|Any CPU
	EndGlobalSection
	GlobalSection(SolutionProperties) = preSolution
		HideSolutionNode = FALSE
	EndGlobalSection
	GlobalSection(ExtensibilityGlobals) = postSolution
		SolutionGuid = {E187CB64-B5A0-4808-BC38-07D28A3E0FB6}
	EndGlobalSection
EndGlobal
